// !$*UTF8*$!
{
	archiveVersion = 1;
	classes = {
	};
	objectVersion = 46;
	objects = {

/* Begin PBXBuildFile section */
		1718995116234AA900603B8E /* Start_Button.png in Resources */ = {isa = PBXBuildFile; fileRef = 1718995016234AA900603B8E /* Start_Button.png */; };
		1718997A1623554400603B8E /* MainViewController.m in Sources */ = {isa = PBXBuildFile; fileRef = 171899791623554400603B8E /* MainViewController.m */; };
		171899D01624F75000603B8E /* Badge_template.png in Resources */ = {isa = PBXBuildFile; fileRef = 171899CF1624F75000603B8E /* Badge_template.png */; };
		171899D51625020000603B8E /* blue.png in Resources */ = {isa = PBXBuildFile; fileRef = 171899D11625020000603B8E /* blue.png */; };
		171899D61625020000603B8E /* red.png in Resources */ = {isa = PBXBuildFile; fileRef = 171899D21625020000603B8E /* red.png */; };
		171899D71625020000603B8E /* white.png in Resources */ = {isa = PBXBuildFile; fileRef = 171899D31625020000603B8E /* white.png */; };
		171899D81625020000603B8E /* yellow.png in Resources */ = {isa = PBXBuildFile; fileRef = 171899D41625020000603B8E /* yellow.png */; };
		171899DA16250E7E00603B8E /* Reset_Button.png in Resources */ = {isa = PBXBuildFile; fileRef = 171899D916250E7E00603B8E /* Reset_Button.png */; };
		171899DC16251B3A00603B8E /* badgeIcon.png in Resources */ = {isa = PBXBuildFile; fileRef = 171899DB16251B3A00603B8E /* badgeIcon.png */; };
		17CADFD91660F7F70039590B /* First_Scene.png in Resources */ = {isa = PBXBuildFile; fileRef = 17CADFD81660F7F70039590B /* First_Scene.png */; };
		17CADFDB1660F8400039590B /* Last Frame.png in Resources */ = {isa = PBXBuildFile; fileRef = 17CADFDA1660F8400039590B /* Last Frame.png */; };
		17D11B761621CFA2008D7FBA /* UIKit.framework in Frameworks */ = {isa = PBXBuildFile; fileRef = 17D11B751621CFA2008D7FBA /* UIKit.framework */; };
		17D11B781621CFA2008D7FBA /* Foundation.framework in Frameworks */ = {isa = PBXBuildFile; fileRef = 17D11B771621CFA2008D7FBA /* Foundation.framework */; };
		17D11B7A1621CFA2008D7FBA /* CoreGraphics.framework in Frameworks */ = {isa = PBXBuildFile; fileRef = 17D11B791621CFA2008D7FBA /* CoreGraphics.framework */; };
		17D11B801621CFA2008D7FBA /* InfoPlist.strings in Resources */ = {isa = PBXBuildFile; fileRef = 17D11B7E1621CFA2008D7FBA /* InfoPlist.strings */; };
		17D11B821621CFA2008D7FBA /* main.m in Sources */ = {isa = PBXBuildFile; fileRef = 17D11B811621CFA2008D7FBA /* main.m */; };
		17D11B861621CFA2008D7FBA /* AKAppDelegate.m in Sources */ = {isa = PBXBuildFile; fileRef = 17D11B851621CFA2008D7FBA /* AKAppDelegate.m */; };
		17D11B881621CFA2008D7FBA /* Default.png in Resources */ = {isa = PBXBuildFile; fileRef = 17D11B871621CFA2008D7FBA /* Default.png */; };
		17D11B8A1621CFA2008D7FBA /* Default@2x.png in Resources */ = {isa = PBXBuildFile; fileRef = 17D11B891621CFA2008D7FBA /* Default@2x.png */; };
		17D11B8C1621CFA2008D7FBA /* Default-568h@2x.png in Resources */ = {isa = PBXBuildFile; fileRef = 17D11B8B1621CFA2008D7FBA /* Default-568h@2x.png */; };
		17D11B8F1621CFA2008D7FBA /* MainStoryboard.storyboard in Resources */ = {isa = PBXBuildFile; fileRef = 17D11B8D1621CFA2008D7FBA /* MainStoryboard.storyboard */; };
		17D11B921621CFA2008D7FBA /* AKViewController.m in Sources */ = {isa = PBXBuildFile; fileRef = 17D11B911621CFA2008D7FBA /* AKViewController.m */; };
		17D11B9A1621D0ED008D7FBA /* printViewController.m in Sources */ = {isa = PBXBuildFile; fileRef = 17D11B991621D0ED008D7FBA /* printViewController.m */; };
		F5334F7B194663900087F4EE /* QuartzCore.framework in Frameworks */ = {isa = PBXBuildFile; fileRef = F5334F7A194663900087F4EE /* QuartzCore.framework */; };
		F5334F7D194663AE0087F4EE /* CoreVideo.framework in Frameworks */ = {isa = PBXBuildFile; fileRef = F5334F7C194663AE0087F4EE /* CoreVideo.framework */; };
		F5334F7F194663BA0087F4EE /* CoreMedia.framework in Frameworks */ = {isa = PBXBuildFile; fileRef = F5334F7E194663BA0087F4EE /* CoreMedia.framework */; };
		F5334F81194663CC0087F4EE /* AVFoundation.framework in Frameworks */ = {isa = PBXBuildFile; fileRef = F5334F80194663CC0087F4EE /* AVFoundation.framework */; };
		F5B3339C194901C200D9043D /* Arrow down button press.png in Resources */ = {isa = PBXBuildFile; fileRef = F5B33388194901C200D9043D /* Arrow down button press.png */; };
		F5B3339D194901C200D9043D /* Arrow down button.png in Resources */ = {isa = PBXBuildFile; fileRef = F5B33389194901C200D9043D /* Arrow down button.png */; };
		F5B3339E194901C200D9043D /* Arrow left button Press.png in Resources */ = {isa = PBXBuildFile; fileRef = F5B3338A194901C200D9043D /* Arrow left button Press.png */; };
		F5B3339F194901C200D9043D /* Arrow left button.png in Resources */ = {isa = PBXBuildFile; fileRef = F5B3338B194901C200D9043D /* Arrow left button.png */; };
		F5B333A0194901C200D9043D /* Arrow right button press.png in Resources */ = {isa = PBXBuildFile; fileRef = F5B3338C194901C200D9043D /* Arrow right button press.png */; };
		F5B333A1194901C200D9043D /* Arrow right button.png in Resources */ = {isa = PBXBuildFile; fileRef = F5B3338D194901C200D9043D /* Arrow right button.png */; };
		F5B333A3194901C200D9043D /* Arrow up button.png in Resources */ = {isa = PBXBuildFile; fileRef = F5B3338F194901C200D9043D /* Arrow up button.png */; };
		F5B333A4194901C200D9043D /* camera button press copy.png in Resources */ = {isa = PBXBuildFile; fileRef = F5B33390194901C200D9043D /* camera button press copy.png */; };
		F5B333A5194901C200D9043D /* camera button.png in Resources */ = {isa = PBXBuildFile; fileRef = F5B33391194901C200D9043D /* camera button.png */; };
		F5B333A6194901C200D9043D /* interface.png in Resources */ = {isa = PBXBuildFile; fileRef = F5B33392194901C200D9043D /* interface.png */; };
		F5B333A7194901C200D9043D /* print button press.png in Resources */ = {isa = PBXBuildFile; fileRef = F5B33393194901C200D9043D /* print button press.png */; };
		F5B333A8194901C200D9043D /* print button.png in Resources */ = {isa = PBXBuildFile; fileRef = F5B33394194901C200D9043D /* print button.png */; };
		F5B333A9194901C200D9043D /* reference.png in Resources */ = {isa = PBXBuildFile; fileRef = F5B33395194901C200D9043D /* reference.png */; };
		F5B333AA194901C200D9043D /* text button press.png in Resources */ = {isa = PBXBuildFile; fileRef = F5B33396194901C200D9043D /* text button press.png */; };
		F5B333AB194901C200D9043D /* text button.png in Resources */ = {isa = PBXBuildFile; fileRef = F5B33397194901C200D9043D /* text button.png */; };
		F5B333AC194901C200D9043D /* zoom in button press.png in Resources */ = {isa = PBXBuildFile; fileRef = F5B33398194901C200D9043D /* zoom in button press.png */; };
		F5B333AD194901C200D9043D /* zoom in button.png in Resources */ = {isa = PBXBuildFile; fileRef = F5B33399194901C200D9043D /* zoom in button.png */; };
		F5B333AE194901C200D9043D /* zoom out button press.png in Resources */ = {isa = PBXBuildFile; fileRef = F5B3339A194901C200D9043D /* zoom out button press.png */; };
		F5B333AF194901C200D9043D /* zoom out button.png in Resources */ = {isa = PBXBuildFile; fileRef = F5B3339B194901C200D9043D /* zoom out button.png */; };
/* End PBXBuildFile section */

/* Begin PBXFileReference section */
		1718995016234AA900603B8E /* Start_Button.png */ = {isa = PBXFileReference; lastKnownFileType = image.png; path = Start_Button.png; sourceTree = "<group>"; };
		171899781623554400603B8E /* MainViewController.h */ = {isa = PBXFileReference; fileEncoding = 4; lastKnownFileType = sourcecode.c.h; name = MainViewController.h; path = ../MainViewController.h; sourceTree = "<group>"; };
		171899791623554400603B8E /* MainViewController.m */ = {isa = PBXFileReference; fileEncoding = 4; lastKnownFileType = sourcecode.c.objc; name = MainViewController.m; path = ../MainViewController.m; sourceTree = "<group>"; };
		171899CF1624F75000603B8E /* Badge_template.png */ = {isa = PBXFileReference; lastKnownFileType = image.png; path = Badge_template.png; sourceTree = "<group>"; };
		171899D11625020000603B8E /* blue.png */ = {isa = PBXFileReference; lastKnownFileType = image.png; path = blue.png; sourceTree = "<group>"; };
		171899D21625020000603B8E /* red.png */ = {isa = PBXFileReference; lastKnownFileType = image.png; path = red.png; sourceTree = "<group>"; };
		171899D31625020000603B8E /* white.png */ = {isa = PBXFileReference; lastKnownFileType = image.png; path = white.png; sourceTree = "<group>"; };
		171899D41625020000603B8E /* yellow.png */ = {isa = PBXFileReference; lastKnownFileType = image.png; path = yellow.png; sourceTree = "<group>"; };
		171899D916250E7E00603B8E /* Reset_Button.png */ = {isa = PBXFileReference; lastKnownFileType = image.png; path = Reset_Button.png; sourceTree = "<group>"; };
		171899DB16251B3A00603B8E /* badgeIcon.png */ = {isa = PBXFileReference; lastKnownFileType = image.png; path = badgeIcon.png; sourceTree = "<group>"; };
		17CADFD81660F7F70039590B /* First_Scene.png */ = {isa = PBXFileReference; lastKnownFileType = image.png; path = First_Scene.png; sourceTree = "<group>"; };
		17CADFDA1660F8400039590B /* Last Frame.png */ = {isa = PBXFileReference; lastKnownFileType = image.png; path = "Last Frame.png"; sourceTree = "<group>"; };
		17D11B711621CFA2008D7FBA /* bg2.0.app */ = {isa = PBXFileReference; explicitFileType = wrapper.application; includeInIndex = 0; path = bg2.0.app; sourceTree = BUILT_PRODUCTS_DIR; };
		17D11B751621CFA2008D7FBA /* UIKit.framework */ = {isa = PBXFileReference; lastKnownFileType = wrapper.framework; name = UIKit.framework; path = System/Library/Frameworks/UIKit.framework; sourceTree = SDKROOT; };
		17D11B771621CFA2008D7FBA /* Foundation.framework */ = {isa = PBXFileReference; lastKnownFileType = wrapper.framework; name = Foundation.framework; path = System/Library/Frameworks/Foundation.framework; sourceTree = SDKROOT; };
		17D11B791621CFA2008D7FBA /* CoreGraphics.framework */ = {isa = PBXFileReference; lastKnownFileType = wrapper.framework; name = CoreGraphics.framework; path = System/Library/Frameworks/CoreGraphics.framework; sourceTree = SDKROOT; };
		17D11B7D1621CFA2008D7FBA /* bg2.0-Info.plist */ = {isa = PBXFileReference; lastKnownFileType = text.plist.xml; path = "bg2.0-Info.plist"; sourceTree = "<group>"; };
		17D11B7F1621CFA2008D7FBA /* en */ = {isa = PBXFileReference; lastKnownFileType = text.plist.strings; name = en; path = en.lproj/InfoPlist.strings; sourceTree = "<group>"; };
		17D11B811621CFA2008D7FBA /* main.m */ = {isa = PBXFileReference; lastKnownFileType = sourcecode.c.objc; path = main.m; sourceTree = "<group>"; };
		17D11B831621CFA2008D7FBA /* bg2.0-Prefix.pch */ = {isa = PBXFileReference; lastKnownFileType = sourcecode.c.h; path = "bg2.0-Prefix.pch"; sourceTree = "<group>"; };
		17D11B841621CFA2008D7FBA /* AKAppDelegate.h */ = {isa = PBXFileReference; lastKnownFileType = sourcecode.c.h; path = AKAppDelegate.h; sourceTree = "<group>"; };
		17D11B851621CFA2008D7FBA /* AKAppDelegate.m */ = {isa = PBXFileReference; lastKnownFileType = sourcecode.c.objc; path = AKAppDelegate.m; sourceTree = "<group>"; };
		17D11B871621CFA2008D7FBA /* Default.png */ = {isa = PBXFileReference; lastKnownFileType = image.png; path = Default.png; sourceTree = "<group>"; };
		17D11B891621CFA2008D7FBA /* Default@2x.png */ = {isa = PBXFileReference; lastKnownFileType = image.png; path = "Default@2x.png"; sourceTree = "<group>"; };
		17D11B8B1621CFA2008D7FBA /* Default-568h@2x.png */ = {isa = PBXFileReference; lastKnownFileType = image.png; path = "Default-568h@2x.png"; sourceTree = "<group>"; };
		17D11B8E1621CFA2008D7FBA /* en */ = {isa = PBXFileReference; lastKnownFileType = file.storyboard; name = en; path = en.lproj/MainStoryboard.storyboard; sourceTree = "<group>"; };
		17D11B901621CFA2008D7FBA /* AKViewController.h */ = {isa = PBXFileReference; lastKnownFileType = sourcecode.c.h; path = AKViewController.h; sourceTree = "<group>"; };
		17D11B911621CFA2008D7FBA /* AKViewController.m */ = {isa = PBXFileReference; lastKnownFileType = sourcecode.c.objc; path = AKViewController.m; sourceTree = "<group>"; };
		17D11B981621D0ED008D7FBA /* printViewController.h */ = {isa = PBXFileReference; fileEncoding = 4; lastKnownFileType = sourcecode.c.h; path = printViewController.h; sourceTree = "<group>"; };
		17D11B991621D0ED008D7FBA /* printViewController.m */ = {isa = PBXFileReference; fileEncoding = 4; lastKnownFileType = sourcecode.c.objc; path = printViewController.m; sourceTree = "<group>"; };
		F5334F7A194663900087F4EE /* QuartzCore.framework */ = {isa = PBXFileReference; lastKnownFileType = wrapper.framework; name = QuartzCore.framework; path = System/Library/Frameworks/QuartzCore.framework; sourceTree = SDKROOT; };
		F5334F7C194663AE0087F4EE /* CoreVideo.framework */ = {isa = PBXFileReference; lastKnownFileType = wrapper.framework; name = CoreVideo.framework; path = System/Library/Frameworks/CoreVideo.framework; sourceTree = SDKROOT; };
		F5334F7E194663BA0087F4EE /* CoreMedia.framework */ = {isa = PBXFileReference; lastKnownFileType = wrapper.framework; name = CoreMedia.framework; path = System/Library/Frameworks/CoreMedia.framework; sourceTree = SDKROOT; };
		F5334F80194663CC0087F4EE /* AVFoundation.framework */ = {isa = PBXFileReference; lastKnownFileType = wrapper.framework; name = AVFoundation.framework; path = System/Library/Frameworks/AVFoundation.framework; sourceTree = SDKROOT; };
		F5B33388194901C200D9043D /* Arrow down button press.png */ = {isa = PBXFileReference; lastKnownFileType = image.png; path = "Arrow down button press.png"; sourceTree = "<group>"; };
		F5B33389194901C200D9043D /* Arrow down button.png */ = {isa = PBXFileReference; lastKnownFileType = image.png; path = "Arrow down button.png"; sourceTree = "<group>"; };
		F5B3338A194901C200D9043D /* Arrow left button Press.png */ = {isa = PBXFileReference; lastKnownFileType = image.png; path = "Arrow left button Press.png"; sourceTree = "<group>"; };
		F5B3338B194901C200D9043D /* Arrow left button.png */ = {isa = PBXFileReference; lastKnownFileType = image.png; path = "Arrow left button.png"; sourceTree = "<group>"; };
		F5B3338C194901C200D9043D /* Arrow right button press.png */ = {isa = PBXFileReference; lastKnownFileType = image.png; path = "Arrow right button press.png"; sourceTree = "<group>"; };
		F5B3338D194901C200D9043D /* Arrow right button.png */ = {isa = PBXFileReference; lastKnownFileType = image.png; path = "Arrow right button.png"; sourceTree = "<group>"; };
		F5B3338F194901C200D9043D /* Arrow up button.png */ = {isa = PBXFileReference; lastKnownFileType = image.png; path = "Arrow up button.png"; sourceTree = "<group>"; };
		F5B33390194901C200D9043D /* camera button press copy.png */ = {isa = PBXFileReference; lastKnownFileType = image.png; path = "camera button press copy.png"; sourceTree = "<group>"; };
		F5B33391194901C200D9043D /* camera button.png */ = {isa = PBXFileReference; lastKnownFileType = image.png; path = "camera button.png"; sourceTree = "<group>"; };
		F5B33392194901C200D9043D /* interface.png */ = {isa = PBXFileReference; lastKnownFileType = image.png; path = interface.png; sourceTree = "<group>"; };
		F5B33393194901C200D9043D /* print button press.png */ = {isa = PBXFileReference; lastKnownFileType = image.png; path = "print button press.png"; sourceTree = "<group>"; };
		F5B33394194901C200D9043D /* print button.png */ = {isa = PBXFileReference; lastKnownFileType = image.png; path = "print button.png"; sourceTree = "<group>"; };
		F5B33395194901C200D9043D /* reference.png */ = {isa = PBXFileReference; lastKnownFileType = image.png; path = reference.png; sourceTree = "<group>"; };
		F5B33396194901C200D9043D /* text button press.png */ = {isa = PBXFileReference; lastKnownFileType = image.png; path = "text button press.png"; sourceTree = "<group>"; };
		F5B33397194901C200D9043D /* text button.png */ = {isa = PBXFileReference; lastKnownFileType = image.png; path = "text button.png"; sourceTree = "<group>"; };
		F5B33398194901C200D9043D /* zoom in button press.png */ = {isa = PBXFileReference; lastKnownFileType = image.png; path = "zoom in button press.png"; sourceTree = "<group>"; };
		F5B33399194901C200D9043D /* zoom in button.png */ = {isa = PBXFileReference; lastKnownFileType = image.png; path = "zoom in button.png"; sourceTree = "<group>"; };
		F5B3339A194901C200D9043D /* zoom out button press.png */ = {isa = PBXFileReference; lastKnownFileType = image.png; path = "zoom out button press.png"; sourceTree = "<group>"; };
		F5B3339B194901C200D9043D /* zoom out button.png */ = {isa = PBXFileReference; lastKnownFileType = image.png; path = "zoom out button.png"; sourceTree = "<group>"; };
/* End PBXFileReference section */

/* Begin PBXFrameworksBuildPhase section */
		17D11B6E1621CFA2008D7FBA /* Frameworks */ = {
			isa = PBXFrameworksBuildPhase;
			buildActionMask = 2147483647;
			files = (
				F5334F81194663CC0087F4EE /* AVFoundation.framework in Frameworks */,
				F5334F7F194663BA0087F4EE /* CoreMedia.framework in Frameworks */,
				F5334F7D194663AE0087F4EE /* CoreVideo.framework in Frameworks */,
				F5334F7B194663900087F4EE /* QuartzCore.framework in Frameworks */,
				17D11B761621CFA2008D7FBA /* UIKit.framework in Frameworks */,
				17D11B781621CFA2008D7FBA /* Foundation.framework in Frameworks */,
				17D11B7A1621CFA2008D7FBA /* CoreGraphics.framework in Frameworks */,
			);
			runOnlyForDeploymentPostprocessing = 0;
		};
/* End PBXFrameworksBuildPhase section */

/* Begin PBXGroup section */
		1718994C16234A5D00603B8E /* Startimage */ = {
			isa = PBXGroup;
			children = (
				1718995016234AA900603B8E /* Start_Button.png */,
				17CADFD81660F7F70039590B /* First_Scene.png */,
			);
			name = Startimage;
			sourceTree = "<group>";
		};
		1718995216234CFD00603B8E /* MainView */ = {
			isa = PBXGroup;
			children = (
				171899D916250E7E00603B8E /* Reset_Button.png */,
				171899CE1624F73400603B8E /* Preview */,
				171899CB1624CB7300603B8E /* LastVisual */,
				1718994C16234A5D00603B8E /* Startimage */,
				1718995B16234E1D00603B8E /* ColorLayer */,
			);
			name = MainView;
			sourceTree = "<group>";
		};
		1718995B16234E1D00603B8E /* ColorLayer */ = {
			isa = PBXGroup;
			children = (
				171899D11625020000603B8E /* blue.png */,
				171899D21625020000603B8E /* red.png */,
				171899D31625020000603B8E /* white.png */,
				171899D41625020000603B8E /* yellow.png */,
			);
			name = ColorLayer;
			sourceTree = "<group>";
		};
		171899CB1624CB7300603B8E /* LastVisual */ = {
			isa = PBXGroup;
			children = (
				17CADFDA1660F8400039590B /* Last Frame.png */,
			);
			name = LastVisual;
			sourceTree = "<group>";
		};
		171899CE1624F73400603B8E /* Preview */ = {
			isa = PBXGroup;
			children = (
				171899CF1624F75000603B8E /* Badge_template.png */,
			);
			name = Preview;
			sourceTree = "<group>";
		};
		17D11B661621CFA2008D7FBA = {
			isa = PBXGroup;
			children = (
				171899DB16251B3A00603B8E /* badgeIcon.png */,
				17D11B7B1621CFA2008D7FBA /* bg0.6 */,
				17D11B741621CFA2008D7FBA /* Frameworks */,
				17D11B721621CFA2008D7FBA /* Products */,
			);
			sourceTree = "<group>";
		};
		17D11B721621CFA2008D7FBA /* Products */ = {
			isa = PBXGroup;
			children = (
				17D11B711621CFA2008D7FBA /* bg2.0.app */,
			);
			name = Products;
			sourceTree = "<group>";
		};
		17D11B741621CFA2008D7FBA /* Frameworks */ = {
			isa = PBXGroup;
			children = (
				F5334F80194663CC0087F4EE /* AVFoundation.framework */,
				F5334F7E194663BA0087F4EE /* CoreMedia.framework */,
				F5334F7C194663AE0087F4EE /* CoreVideo.framework */,
				F5334F7A194663900087F4EE /* QuartzCore.framework */,
				17D11B751621CFA2008D7FBA /* UIKit.framework */,
				17D11B771621CFA2008D7FBA /* Foundation.framework */,
				17D11B791621CFA2008D7FBA /* CoreGraphics.framework */,
			);
			name = Frameworks;
			sourceTree = "<group>";
		};
		17D11B7B1621CFA2008D7FBA /* bg0.6 */ = {
			isa = PBXGroup;
			children = (
				17D11B841621CFA2008D7FBA /* AKAppDelegate.h */,
				17D11B851621CFA2008D7FBA /* AKAppDelegate.m */,
				17D11B8D1621CFA2008D7FBA /* MainStoryboard.storyboard */,
				17D11B901621CFA2008D7FBA /* AKViewController.h */,
				17D11B911621CFA2008D7FBA /* AKViewController.m */,
				171899781623554400603B8E /* MainViewController.h */,
				171899791623554400603B8E /* MainViewController.m */,
				17D11B981621D0ED008D7FBA /* printViewController.h */,
				17D11B991621D0ED008D7FBA /* printViewController.m */,
				17D11B7C1621CFA2008D7FBA /* Supporting Files */,
			);
			path = bg0.6;
			sourceTree = "<group>";
		};
		17D11B7C1621CFA2008D7FBA /* Supporting Files */ = {
			isa = PBXGroup;
			children = (
				F5B33386194900CA00D9043D /* MainViewNewVisuals */,
				1718995216234CFD00603B8E /* MainView */,
				17D11B7D1621CFA2008D7FBA /* bg2.0-Info.plist */,
				17D11B7E1621CFA2008D7FBA /* InfoPlist.strings */,
				17D11B811621CFA2008D7FBA /* main.m */,
				17D11B831621CFA2008D7FBA /* bg2.0-Prefix.pch */,
				17D11B871621CFA2008D7FBA /* Default.png */,
				17D11B891621CFA2008D7FBA /* Default@2x.png */,
				17D11B8B1621CFA2008D7FBA /* Default-568h@2x.png */,
			);
			name = "Supporting Files";
			sourceTree = "<group>";
		};
		F5B33386194900CA00D9043D /* MainViewNewVisuals */ = {
			isa = PBXGroup;
			children = (
				F5B33387194901C200D9043D /* CollectiveStuff */,
			);
			name = MainViewNewVisuals;
			sourceTree = "<group>";
		};
		F5B33387194901C200D9043D /* CollectiveStuff */ = {
			isa = PBXGroup;
			children = (
				F5B33388194901C200D9043D /* Arrow down button press.png */,
				F5B33389194901C200D9043D /* Arrow down button.png */,
				F5B3338A194901C200D9043D /* Arrow left button Press.png */,
				F5B3338B194901C200D9043D /* Arrow left button.png */,
				F5B3338C194901C200D9043D /* Arrow right button press.png */,
				F5B3338D194901C200D9043D /* Arrow right button.png */,
				F5B3338F194901C200D9043D /* Arrow up button.png */,
				F5B33390194901C200D9043D /* camera button press copy.png */,
				F5B33391194901C200D9043D /* camera button.png */,
				F5B33392194901C200D9043D /* interface.png */,
				F5B33393194901C200D9043D /* print button press.png */,
				F5B33394194901C200D9043D /* print button.png */,
				F5B33395194901C200D9043D /* reference.png */,
				F5B33396194901C200D9043D /* text button press.png */,
				F5B33397194901C200D9043D /* text button.png */,
				F5B33398194901C200D9043D /* zoom in button press.png */,
				F5B33399194901C200D9043D /* zoom in button.png */,
				F5B3339A194901C200D9043D /* zoom out button press.png */,
				F5B3339B194901C200D9043D /* zoom out button.png */,
			);
			path = CollectiveStuff;
			sourceTree = "<group>";
		};
/* End PBXGroup section */

/* Begin PBXNativeTarget section */
		17D11B701621CFA2008D7FBA /* bg2.0 */ = {
			isa = PBXNativeTarget;
			buildConfigurationList = 17D11B951621CFA2008D7FBA /* Build configuration list for PBXNativeTarget "bg2.0" */;
			buildPhases = (
				17D11B6D1621CFA2008D7FBA /* Sources */,
				17D11B6E1621CFA2008D7FBA /* Frameworks */,
				17D11B6F1621CFA2008D7FBA /* Resources */,
			);
			buildRules = (
			);
			dependencies = (
			);
			name = bg2.0;
			productName = bg0.6;
			productReference = 17D11B711621CFA2008D7FBA /* bg2.0.app */;
			productType = "com.apple.product-type.application";
		};
/* End PBXNativeTarget section */

/* Begin PBXProject section */
		17D11B681621CFA2008D7FBA /* Project object */ = {
			isa = PBXProject;
			attributes = {
				CLASSPREFIX = AK;
				LastUpgradeCheck = 0510;
				ORGANIZATIONNAME = "Ahmad Karim";
				TargetAttributes = {
					17D11B701621CFA2008D7FBA = {
						DevelopmentTeam = N2S353Z69T;
					};
				};
			};
			buildConfigurationList = 17D11B6B1621CFA2008D7FBA /* Build configuration list for PBXProject "bg2.0" */;
			compatibilityVersion = "Xcode 3.2";
			developmentRegion = English;
			hasScannedForEncodings = 0;
			knownRegions = (
				en,
			);
			mainGroup = 17D11B661621CFA2008D7FBA;
			productRefGroup = 17D11B721621CFA2008D7FBA /* Products */;
			projectDirPath = "";
			projectRoot = "";
			targets = (
				17D11B701621CFA2008D7FBA /* bg2.0 */,
			);
		};
/* End PBXProject section */

/* Begin PBXResourcesBuildPhase section */
		17D11B6F1621CFA2008D7FBA /* Resources */ = {
			isa = PBXResourcesBuildPhase;
			buildActionMask = 2147483647;
			files = (
				17D11B801621CFA2008D7FBA /* InfoPlist.strings in Resources */,
				17D11B881621CFA2008D7FBA /* Default.png in Resources */,
				F5B333AE194901C200D9043D /* zoom out button press.png in Resources */,
				17D11B8A1621CFA2008D7FBA /* Default@2x.png in Resources */,
				17D11B8C1621CFA2008D7FBA /* Default-568h@2x.png in Resources */,
				17D11B8F1621CFA2008D7FBA /* MainStoryboard.storyboard in Resources */,
				F5B333AF194901C200D9043D /* zoom out button.png in Resources */,
				1718995116234AA900603B8E /* Start_Button.png in Resources */,
				F5B333A4194901C200D9043D /* camera button press copy.png in Resources */,
				F5B333AC194901C200D9043D /* zoom in button press.png in Resources */,
				F5B333AD194901C200D9043D /* zoom in button.png in Resources */,
				F5B333A9194901C200D9043D /* reference.png in Resources */,
				F5B333A6194901C200D9043D /* interface.png in Resources */,
				F5B333AA194901C200D9043D /* text button press.png in Resources */,
				F5B3339D194901C200D9043D /* Arrow down button.png in Resources */,
				F5B333A7194901C200D9043D /* print button press.png in Resources */,
				F5B333A3194901C200D9043D /* Arrow up button.png in Resources */,
				F5B3339F194901C200D9043D /* Arrow left button.png in Resources */,
				F5B333A5194901C200D9043D /* camera button.png in Resources */,
				F5B333A0194901C200D9043D /* Arrow right button press.png in Resources */,
				F5B333AB194901C200D9043D /* text button.png in Resources */,
				171899D01624F75000603B8E /* Badge_template.png in Resources */,
				F5B333A1194901C200D9043D /* Arrow right button.png in Resources */,
				F5B333A8194901C200D9043D /* print button.png in Resources */,
				F5B3339E194901C200D9043D /* Arrow left button Press.png in Resources */,
				171899D51625020000603B8E /* blue.png in Resources */,
				171899D61625020000603B8E /* red.png in Resources */,
				171899D71625020000603B8E /* white.png in Resources */,
				171899D81625020000603B8E /* yellow.png in Resources */,
				171899DA16250E7E00603B8E /* Reset_Button.png in Resources */,
				171899DC16251B3A00603B8E /* badgeIcon.png in Resources */,
				F5B3339C194901C200D9043D /* Arrow down button press.png in Resources */,
				17CADFD91660F7F70039590B /* First_Scene.png in Resources */,
				17CADFDB1660F8400039590B /* Last Frame.png in Resources */,
			);
			runOnlyForDeploymentPostprocessing = 0;
		};
/* End PBXResourcesBuildPhase section */

/* Begin PBXSourcesBuildPhase section */
		17D11B6D1621CFA2008D7FBA /* Sources */ = {
			isa = PBXSourcesBuildPhase;
			buildActionMask = 2147483647;
			files = (
				17D11B821621CFA2008D7FBA /* main.m in Sources */,
				17D11B861621CFA2008D7FBA /* AKAppDelegate.m in Sources */,
				17D11B921621CFA2008D7FBA /* AKViewController.m in Sources */,
				17D11B9A1621D0ED008D7FBA /* printViewController.m in Sources */,
				1718997A1623554400603B8E /* MainViewController.m in Sources */,
			);
			runOnlyForDeploymentPostprocessing = 0;
		};
/* End PBXSourcesBuildPhase section */

/* Begin PBXVariantGroup section */
		17D11B7E1621CFA2008D7FBA /* InfoPlist.strings */ = {
			isa = PBXVariantGroup;
			children = (
				17D11B7F1621CFA2008D7FBA /* en */,
			);
			name = InfoPlist.strings;
			sourceTree = "<group>";
		};
		17D11B8D1621CFA2008D7FBA /* MainStoryboard.storyboard */ = {
			isa = PBXVariantGroup;
			children = (
				17D11B8E1621CFA2008D7FBA /* en */,
			);
			name = MainStoryboard.storyboard;
			sourceTree = "<group>";
		};
/* End PBXVariantGroup section */

/* Begin XCBuildConfiguration section */
		17D11B931621CFA2008D7FBA /* Debug */ = {
			isa = XCBuildConfiguration;
			buildSettings = {
				ALWAYS_SEARCH_USER_PATHS = NO;
				CLANG_CXX_LANGUAGE_STANDARD = "gnu++0x";
				CLANG_CXX_LIBRARY = "libc++";
				CLANG_ENABLE_OBJC_ARC = YES;
				CLANG_WARN_EMPTY_BODY = YES;
				CLANG_WARN__DUPLICATE_METHOD_MATCH = YES;
				"CODE_SIGN_IDENTITY[sdk=iphoneos*]" = "iPhone Developer: Fawad Farooq (KGYNTQGW4Q)";
				COPY_PHASE_STRIP = NO;
				GCC_C_LANGUAGE_STANDARD = gnu99;
				GCC_DYNAMIC_NO_PIC = NO;
				GCC_OPTIMIZATION_LEVEL = 0;
				GCC_PREPROCESSOR_DEFINITIONS = (
					"DEBUG=1",
					"$(inherited)",
				);
				GCC_SYMBOLS_PRIVATE_EXTERN = NO;
				GCC_WARN_ABOUT_RETURN_TYPE = YES;
				GCC_WARN_UNINITIALIZED_AUTOS = YES;
				GCC_WARN_UNUSED_VARIABLE = YES;
				IPHONEOS_DEPLOYMENT_TARGET = 5.0;
				ONLY_ACTIVE_ARCH = YES;
				"PROVISIONING_PROFILE[sdk=iphoneos*]" = "8CCFB417-B78B-4768-B258-D10A99720B15";
				SDKROOT = iphoneos;
				TARGETED_DEVICE_FAMILY = 2;
			};
			name = Debug;
		};
		17D11B941621CFA2008D7FBA /* Release */ = {
			isa = XCBuildConfiguration;
			buildSettings = {
				ALWAYS_SEARCH_USER_PATHS = NO;
				CLANG_CXX_LANGUAGE_STANDARD = "gnu++0x";
				CLANG_CXX_LIBRARY = "libc++";
				CLANG_ENABLE_OBJC_ARC = YES;
				CLANG_WARN_EMPTY_BODY = YES;
				CLANG_WARN__DUPLICATE_METHOD_MATCH = YES;
				"CODE_SIGN_IDENTITY[sdk=iphoneos*]" = "iPhone Developer: Fawad Farooq (KGYNTQGW4Q)";
				COPY_PHASE_STRIP = YES;
				GCC_C_LANGUAGE_STANDARD = gnu99;
				GCC_WARN_ABOUT_RETURN_TYPE = YES;
				GCC_WARN_UNINITIALIZED_AUTOS = YES;
				GCC_WARN_UNUSED_VARIABLE = YES;
				IPHONEOS_DEPLOYMENT_TARGET = 5.0;
				OTHER_CFLAGS = "-DNS_BLOCK_ASSERTIONS=1";
				"PROVISIONING_PROFILE[sdk=iphoneos*]" = "21614B88-654E-4720-B100-B10915C79395";
				SDKROOT = iphoneos;
				TARGETED_DEVICE_FAMILY = 2;
				VALIDATE_PRODUCT = YES;
			};
			name = Release;
		};
		17D11B961621CFA2008D7FBA /* Debug */ = {
			isa = XCBuildConfiguration;
			buildSettings = {
				CODE_SIGN_IDENTITY = "iPhone Developer";
				"CODE_SIGN_IDENTITY[sdk=iphoneos*]" = "iPhone Developer";
				GCC_PRECOMPILE_PREFIX_HEADER = YES;
				GCC_PREFIX_HEADER = "bg0.6/bg2.0-Prefix.pch";
				INFOPLIST_FILE = "bg0.6/bg2.0-Info.plist";
				IPHONEOS_DEPLOYMENT_TARGET = 7.0;
				PRODUCT_NAME = bg2.0;
				PROVISIONING_PROFILE = "";
				WRAPPER_EXTENSION = app;
			};
			name = Debug;
		};
		17D11B971621CFA2008D7FBA /* Release */ = {
			isa = XCBuildConfiguration;
			buildSettings = {
				CODE_SIGN_IDENTITY = "iPhone Developer";
				"CODE_SIGN_IDENTITY[sdk=iphoneos*]" = "iPhone Developer";
				GCC_PRECOMPILE_PREFIX_HEADER = YES;
				GCC_PREFIX_HEADER = "bg0.6/bg2.0-Prefix.pch";
				INFOPLIST_FILE = "bg0.6/bg2.0-Info.plist";
				IPHONEOS_DEPLOYMENT_TARGET = 7.0;
				PRODUCT_NAME = bg2.0;
				PROVISIONING_PROFILE = "";
				WRAPPER_EXTENSION = app;
			};
			name = Release;
		};
/* End XCBuildConfiguration section */

/* Begin XCConfigurationList section */
		17D11B6B1621CFA2008D7FBA /* Build configuration list for PBXProject "bg2.0" */ = {
			isa = XCConfigurationList;
			buildConfigurations = (
				17D11B931621CFA2008D7FBA /* Debug */,
				17D11B941621CFA2008D7FBA /* Release */,
			);
			defaultConfigurationIsVisible = 0;
			defaultConfigurationName = Release;
		};
		17D11B951621CFA2008D7FBA /* Build configuration list for PBXNativeTarget "bg2.0" */ = {
			isa = XCConfigurationList;
			buildConfigurations = (
				17D11B961621CFA2008D7FBA /* Debug */,
				17D11B971621CFA2008D7FBA /* Release */,
			);
			defaultConfigurationIsVisible = 0;
			defaultConfigurationName = Release;
		};
/* End XCConfigurationList section */
	};
	rootObject = 17D11B681621CFA2008D7FBA /* Project object */;
}
